
Microsoft Visual Studio Solution File, Format Version 12.00
# Visual Studio 15
VisualStudioVersion = 15.0.28307.757
MinimumVisualStudioVersion = 10.0.40219.1
Project("{FAE04EC0-301F-11D3-BF4B-00C04F79EFBC}") = "Venturis.Android", "Venturis\Venturis.Android\Venturis.Android.csproj", "{AE11BEFA-8396-4993-BF88-9541D9BC896A}"
EndProject
Project("{FAE04EC0-301F-11D3-BF4B-00C04F79EFBC}") = "Venturis.iOS", "Venturis\Venturis.iOS\Venturis.iOS.csproj", "{09A7490B-5E1C-4C53-9ECD-05F24195861E}"
EndProject
Project("{FAE04EC0-301F-11D3-BF4B-00C04F79EFBC}") = "Venturis", "Venturis\Venturis\Venturis.csproj", "{BE93C00B-AFC1-4D78-A54E-ACA9C2915C6C}"
EndProject
Global
	GlobalSection(SolutionConfigurationPlatforms) = preSolution
		Ad-Hoc|Any CPU = Ad-Hoc|Any CPU
		Ad-Hoc|iPhone = Ad-Hoc|iPhone
		Ad-Hoc|iPhoneSimulator = Ad-Hoc|iPhoneSimulator
		AppStore|Any CPU = AppStore|Any CPU
		AppStore|iPhone = AppStore|iPhone
		AppStore|iPhoneSimulator = AppStore|iPhoneSimulator
		Debug|Any CPU = Debug|Any CPU
		Debug|iPhone = Debug|iPhone
		Debug|iPhoneSimulator = Debug|iPhoneSimulator
		Release|Any CPU = Release|Any CPU
		Release|iPhone = Release|iPhone
		Release|iPhoneSimulator = Release|iPhoneSimulator
	EndGlobalSection
	GlobalSection(ProjectConfigurationPlatforms) = postSolution
		{AE11BEFA-8396-4993-BF88-9541D9BC896A}.Ad-Hoc|Any CPU.ActiveCfg = Release|Any CPU
		{AE11BEFA-8396-4993-BF88-9541D9BC896A}.Ad-Hoc|Any CPU.Build.0 = Release|Any CPU
		{AE11BEFA-8396-4993-BF88-9541D9BC896A}.Ad-Hoc|Any CPU.Deploy.0 = Release|Any CPU
		{AE11BEFA-8396-4993-BF88-9541D9BC896A}.Ad-Hoc|iPhone.ActiveCfg = Release|Any CPU
		{AE11BEFA-8396-4993-BF88-9541D9BC896A}.Ad-Hoc|iPhone.Build.0 = Release|Any CPU
		{AE11BEFA-8396-4993-BF88-9541D9BC896A}.Ad-Hoc|iPhone.Deploy.0 = Release|Any CPU
		{AE11BEFA-8396-4993-BF88-9541D9BC896A}.Ad-Hoc|iPhoneSimulator.ActiveCfg = Release|Any CPU
		{AE11BEFA-8396-4993-BF88-9541D9BC896A}.Ad-Hoc|iPhoneSimulator.Build.0 = Release|Any CPU
		{AE11BEFA-8396-4993-BF88-9541D9BC896A}.Ad-Hoc|iPhoneSimulator.Deploy.0 = Release|Any CPU
		{AE11BEFA-8396-4993-BF88-9541D9BC896A}.AppStore|Any CPU.ActiveCfg = Release|Any CPU
		{AE11BEFA-8396-4993-BF88-9541D9BC896A}.AppStore|Any CPU.Build.0 = Release|Any CPU
		{AE11BEFA-8396-4993-BF88-9541D9BC896A}.AppStore|Any CPU.Deploy.0 = Release|Any CPU
		{AE11BEFA-8396-4993-BF88-9541D9BC896A}.AppStore|iPhone.ActiveCfg = Release|Any CPU
		{AE11BEFA-8396-4993-BF88-9541D9BC896A}.AppStore|iPhone.Build.0 = Release|Any CPU
		{AE11BEFA-8396-4993-BF88-9541D9BC896A}.AppStore|iPhone.Deploy.0 = Release|Any CPU
		{AE11BEFA-8396-4993-BF88-9541D9BC896A}.AppStore|iPhoneSimulator.ActiveCfg = Release|Any CPU
		{AE11BEFA-8396-4993-BF88-9541D9BC896A}.AppStore|iPhoneSimulator.Build.0 = Release|Any CPU
		{AE11BEFA-8396-4993-BF88-9541D9BC896A}.AppStore|iPhoneSimulator.Deploy.0 = Release|Any CPU
		{AE11BEFA-8396-4993-BF88-9541D9BC896A}.Debug|Any CPU.ActiveCfg = Debug|Any CPU
		{AE11BEFA-8396-4993-BF88-9541D9BC896A}.Debug|Any CPU.Build.0 = Debug|Any CPU
		{AE11BEFA-8396-4993-BF88-9541D9BC896A}.Debug|Any CPU.Deploy.0 = Debug|Any CPU
		{AE11BEFA-8396-4993-BF88-9541D9BC896A}.Debug|iPhone.ActiveCfg = Debug|Any CPU
		{AE11BEFA-8396-4993-BF88-9541D9BC896A}.Debug|iPhone.Build.0 = Debug|Any CPU
		{AE11BEFA-8396-4993-BF88-9541D9BC896A}.Debug|iPhone.Deploy.0 = Debug|Any CPU
		{AE11BEFA-8396-4993-BF88-9541D9BC896A}.Debug|iPhoneSimulator.ActiveCfg = Debug|Any CPU
		{AE11BEFA-8396-4993-BF88-9541D9BC896A}.Debug|iPhoneSimulator.Build.0 = Debug|Any CPU
		{AE11BEFA-8396-4993-BF88-9541D9BC896A}.Debug|iPhoneSimulator.Deploy.0 = Debug|Any CPU
		{AE11BEFA-8396-4993-BF88-9541D9BC896A}.Release|Any CPU.ActiveCfg = Release|Any CPU
		{AE11BEFA-8396-4993-BF88-9541D9BC896A}.Release|Any CPU.Build.0 = Release|Any CPU
		{AE11BEFA-8396-4993-BF88-9541D9BC896A}.Release|Any CPU.Deploy.0 = Release|Any CPU
		{AE11BEFA-8396-4993-BF88-9541D9BC896A}.Release|iPhone.ActiveCfg = Release|Any CPU
		{AE11BEFA-8396-4993-BF88-9541D9BC896A}.Release|iPhone.Build.0 = Release|Any CPU
		{AE11BEFA-8396-4993-BF88-9541D9BC896A}.Release|iPhone.Deploy.0 = Release|Any CPU
		{AE11BEFA-8396-4993-BF88-9541D9BC896A}.Release|iPhoneSimulator.ActiveCfg = Release|Any CPU
		{AE11BEFA-8396-4993-BF88-9541D9BC896A}.Release|iPhoneSimulator.Build.0 = Release|Any CPU
		{AE11BEFA-8396-4993-BF88-9541D9BC896A}.Release|iPhoneSimulator.Deploy.0 = Release|Any CPU
		{09A7490B-5E1C-4C53-9ECD-05F24195861E}.Ad-Hoc|Any CPU.ActiveCfg = Ad-Hoc|iPhone
		{09A7490B-5E1C-4C53-9ECD-05F24195861E}.Ad-Hoc|Any CPU.Build.0 = Ad-Hoc|iPhone
		{09A7490B-5E1C-4C53-9ECD-05F24195861E}.Ad-Hoc|Any CPU.Deploy.0 = Ad-Hoc|iPhone
		{09A7490B-5E1C-4C53-9ECD-05F24195861E}.Ad-Hoc|iPhone.ActiveCfg = Ad-Hoc|iPhone
		{09A7490B-5E1C-4C53-9ECD-05F24195861E}.Ad-Hoc|iPhone.Build.0 = Ad-Hoc|iPhone
		{09A7490B-5E1C-4C53-9ECD-05F24195861E}.Ad-Hoc|iPhone.Deploy.0 = Ad-Hoc|iPhone
		{09A7490B-5E1C-4C53-9ECD-05F24195861E}.Ad-Hoc|iPhoneSimulator.ActiveCfg = Ad-Hoc|iPhoneSimulator
		{09A7490B-5E1C-4C53-9ECD-05F24195861E}.Ad-Hoc|iPhoneSimulator.Build.0 = Ad-Hoc|iPhoneSimulator
		{09A7490B-5E1C-4C53-9ECD-05F24195861E}.Ad-Hoc|iPhoneSimulator.Deploy.0 = Ad-Hoc|iPhoneSimulator
		{09A7490B-5E1C-4C53-9ECD-05F24195861E}.AppStore|Any CPU.ActiveCfg = AppStore|iPhone
		{09A7490B-5E1C-4C53-9ECD-05F24195861E}.AppStore|Any CPU.Build.0 = AppStore|iPhone
		{09A7490B-5E1C-4C53-9ECD-05F24195861E}.AppStore|Any CPU.Deploy.0 = AppStore|iPhone
		{09A7490B-5E1C-4C53-9ECD-05F24195861E}.AppStore|iPhone.ActiveCfg = AppStore|iPhone
		{09A7490B-5E1C-4C53-9ECD-05F24195861E}.AppStore|iPhone.Build.0 = AppStore|iPhone
		{09A7490B-5E1C-4C53-9ECD-05F24195861E}.AppStore|iPhone.Deploy.0 = AppStore|iPhone
		{09A7490B-5E1C-4C53-9ECD-05F24195861E}.AppStore|iPhoneSimulator.ActiveCfg = AppStore|iPhoneSimulator
		{09A7490B-5E1C-4C53-9ECD-05F24195861E}.AppStore|iPhoneSimulator.Build.0 = AppStore|iPhoneSimulator
		{09A7490B-5E1C-4C53-9ECD-05F24195861E}.AppStore|iPhoneSimulator.Deploy.0 = AppStore|iPhoneSimulator
		{09A7490B-5E1C-4C53-9ECD-05F24195861E}.Debug|Any CPU.ActiveCfg = Debug|iPhoneSimulator
		{09A7490B-5E1C-4C53-9ECD-05F24195861E}.Debug|Any CPU.Build.0 = Debug|iPhoneSimulator
		{09A7490B-5E1C-4C53-9ECD-05F24195861E}.Debug|Any CPU.Deploy.0 = Debug|iPhoneSimulator
		{09A7490B-5E1C-4C53-9ECD-05F24195861E}.Debug|iPhone.ActiveCfg = Debug|iPhone
		{09A7490B-5E1C-4C53-9ECD-05F24195861E}.Debug|iPhone.Build.0 = Debug|iPhone
		{09A7490B-5E1C-4C53-9ECD-05F24195861E}.Debug|iPhone.Deploy.0 = Debug|iPhone
		{09A7490B-5E1C-4C53-9ECD-05F24195861E}.Debug|iPhoneSimulator.ActiveCfg = Debug|iPhoneSimulator
		{09A7490B-5E1C-4C53-9ECD-05F24195861E}.Debug|iPhoneSimulator.Build.0 = Debug|iPhoneSimulator
		{09A7490B-5E1C-4C53-9ECD-05F24195861E}.Debug|iPhoneSimulator.Deploy.0 = Debug|iPhoneSimulator
		{09A7490B-5E1C-4C53-9ECD-05F24195861E}.Release|Any CPU.ActiveCfg = Release|iPhone
		{09A7490B-5E1C-4C53-9ECD-05F24195861E}.Release|Any CPU.Build.0 = Release|iPhone
		{09A7490B-5E1C-4C53-9ECD-05F24195861E}.Release|Any CPU.Deploy.0 = Release|iPhone
		{09A7490B-5E1C-4C53-9ECD-05F24195861E}.Release|iPhone.ActiveCfg = Release|iPhone
		{09A7490B-5E1C-4C53-9ECD-05F24195861E}.Release|iPhone.Build.0 = Release|iPhone
		{09A7490B-5E1C-4C53-9ECD-05F24195861E}.Release|iPhone.Deploy.0 = Release|iPhone
		{09A7490B-5E1C-4C53-9ECD-05F24195861E}.Release|iPhoneSimulator.ActiveCfg = Release|iPhoneSimulator
		{09A7490B-5E1C-4C53-9ECD-05F24195861E}.Release|iPhoneSimulator.Build.0 = Release|iPhoneSimulator
		{09A7490B-5E1C-4C53-9ECD-05F24195861E}.Release|iPhoneSimulator.Deploy.0 = Release|iPhoneSimulator
		{BE93C00B-AFC1-4D78-A54E-ACA9C2915C6C}.Ad-Hoc|Any CPU.ActiveCfg = Debug|Any CPU
		{BE93C00B-AFC1-4D78-A54E-ACA9C2915C6C}.Ad-Hoc|Any CPU.Build.0 = Debug|Any CPU
		{BE93C00B-AFC1-4D78-A54E-ACA9C2915C6C}.Ad-Hoc|Any CPU.Deploy.0 = Debug|Any CPU
		{BE93C00B-AFC1-4D78-A54E-ACA9C2915C6C}.Ad-Hoc|iPhone.ActiveCfg = Debug|Any CPU
		{BE93C00B-AFC1-4D78-A54E-ACA9C2915C6C}.Ad-Hoc|iPhone.Build.0 = Debug|Any CPU
		{BE93C00B-AFC1-4D78-A54E-ACA9C2915C6C}.Ad-Hoc|iPhone.Deploy.0 = Debug|Any CPU
		{BE93C00B-AFC1-4D78-A54E-ACA9C2915C6C}.Ad-Hoc|iPhoneSimulator.ActiveCfg = Debug|Any CPU
		{BE93C00B-AFC1-4D78-A54E-ACA9C2915C6C}.Ad-Hoc|iPhoneSimulator.Build.0 = Debug|Any CPU
		{BE93C00B-AFC1-4D78-A54E-ACA9C2915C6C}.Ad-Hoc|iPhoneSimulator.Deploy.0 = Debug|Any CPU
		{BE93C00B-AFC1-4D78-A54E-ACA9C2915C6C}.AppStore|Any CPU.ActiveCfg = Debug|Any CPU
		{BE93C00B-AFC1-4D78-A54E-ACA9C2915C6C}.AppStore|Any CPU.Build.0 = Debug|Any CPU
		{BE93C00B-AFC1-4D78-A54E-ACA9C2915C6C}.AppStore|Any CPU.Deploy.0 = Debug|Any CPU
		{BE93C00B-AFC1-4D78-A54E-ACA9C2915C6C}.AppStore|iPhone.ActiveCfg = Debug|Any CPU
		{BE93C00B-AFC1-4D78-A54E-ACA9C2915C6C}.AppStore|iPhone.Build.0 = Debug|Any CPU
		{BE93C00B-AFC1-4D78-A54E-ACA9C2915C6C}.AppStore|iPhone.Deploy.0 = Debug|Any CPU
		{BE93C00B-AFC1-4D78-A54E-ACA9C2915C6C}.AppStore|iPhoneSimulator.ActiveCfg = Debug|Any CPU
		{BE93C00B-AFC1-4D78-A54E-ACA9C2915C6C}.AppStore|iPhoneSimulator.Build.0 = Debug|Any CPU
		{BE93C00B-AFC1-4D78-A54E-ACA9C2915C6C}.AppStore|iPhoneSimulator.Deploy.0 = Debug|Any CPU
		{BE93C00B-AFC1-4D78-A54E-ACA9C2915C6C}.Debug|Any CPU.ActiveCfg = Debug|Any CPU
		{BE93C00B-AFC1-4D78-A54E-ACA9C2915C6C}.Debug|Any CPU.Build.0 = Debug|Any CPU
		{BE93C00B-AFC1-4D78-A54E-ACA9C2915C6C}.Debug|Any CPU.Deploy.0 = Debug|Any CPU
		{BE93C00B-AFC1-4D78-A54E-ACA9C2915C6C}.Debug|iPhone.ActiveCfg = Debug|Any CPU
		{BE93C00B-AFC1-4D78-A54E-ACA9C2915C6C}.Debug|iPhone.Build.0 = Debug|Any CPU
		{BE93C00B-AFC1-4D78-A54E-ACA9C2915C6C}.Debug|iPhone.Deploy.0 = Debug|Any CPU
		{BE93C00B-AFC1-4D78-A54E-ACA9C2915C6C}.Debug|iPhoneSimulator.ActiveCfg = Debug|Any CPU
		{BE93C00B-AFC1-4D78-A54E-ACA9C2915C6C}.Debug|iPhoneSimulator.Build.0 = Debug|Any CPU
		{BE93C00B-AFC1-4D78-A54E-ACA9C2915C6C}.Debug|iPhoneSimulator.Deploy.0 = Debug|Any CPU
		{BE93C00B-AFC1-4D78-A54E-ACA9C2915C6C}.Release|Any CPU.ActiveCfg = Release|Any CPU
		{BE93C00B-AFC1-4D78-A54E-ACA9C2915C6C}.Release|Any CPU.Build.0 = Release|Any CPU
		{BE93C00B-AFC1-4D78-A54E-ACA9C2915C6C}.Release|Any CPU.Deploy.0 = Release|Any CPU
		{BE93C00B-AFC1-4D78-A54E-ACA9C2915C6C}.Release|iPhone.ActiveCfg = Release|Any CPU
		{BE93C00B-AFC1-4D78-A54E-ACA9C2915C6C}.Release|iPhone.Build.0 = Release|Any CPU
		{BE93C00B-AFC1-4D78-A54E-ACA9C2915C6C}.Release|iPhone.Deploy.0 = Release|Any CPU
		{BE93C00B-AFC1-4D78-A54E-ACA9C2915C6C}.Release|iPhoneSimulator.ActiveCfg = Release|Any CPU
		{BE93C00B-AFC1-4D78-A54E-ACA9C2915C6C}.Release|iPhoneSimulator.Build.0 = Release|Any CPU
		{BE93C00B-AFC1-4D78-A54E-ACA9C2915C6C}.Release|iPhoneSimulator.Deploy.0 = Release|Any CPU
	EndGlobalSection
	GlobalSection(SolutionProperties) = preSolution
		HideSolutionNode = FALSE
	EndGlobalSection
	GlobalSection(ExtensibilityGlobals) = postSolution
		SolutionGuid = {1D081A8C-8EC5-4EE2-8EA0-CC57B0AF6A68}
	EndGlobalSection
EndGlobal
